{
  "version": 1,
  "dependencies": {
    ".NETStandard,Version=v2.0": {
      "AppGates.Build.ApiManagement.Sdk": {
        "type": "Direct",
        "requested": "[*, )",
        "resolved": "1.2.17.1610748182",
        "contentHash": "zP2G+Nxqnj5fl4fasw8bDbrKcdktRDoyXykCWMyMDBqr3ZQIUPr2DgqE9M9aN29jm3Rl6dfMcY94Jc8zC27zjg=="
      },
      "AppGates.Net.Build.Deterministic": {
        "type": "Direct",
        "requested": "[*, )",
        "resolved": "1.2.7",
        "contentHash": "6lEiwCg2C/lZXWSN7QgW1f6EhWv5zBpxZsmyOwJAkW4DJSQEz7pQFX4ov487+DuvZw/StmX0VvOPFY9DvMgxpQ=="
      },
      "AppGates.Net.Build.Hooks": {
        "type": "Direct",
        "requested": "[*, )",
        "resolved": "1.2.17",
        "contentHash": "HJuUaHUSbfYyyYJoQWdJJru9RWklvhaAxZewDK2Ww1TNPY51VyZIOheQUiIVrRei/oTnOzhWjP7hv0ycY98EwA=="
      },
      "AppGates.Net.Build.LocalVersioning": {
        "type": "Direct",
        "requested": "[*, )",
        "resolved": "1.2.7",
        "contentHash": "H6MivB29Cun9XkyNWuMfkN5thhN91PjHRKqcyUFCTGffSUUX4CiUhwj+jxvkJwshos2ltZlZnJQoCnHIHH7Bqg=="
      },
      "AppGates.Net.Build.NoBinaryPackage": {
        "type": "Direct",
        "requested": "[*, )",
        "resolved": "1.2.17.1609277852",
        "contentHash": "B8nkU8mhcBik8Vu7hsv0uRdm63tpPeTK3ZYbUqgfd7djczLhj23YI9GNKWdtT3vPjJRY0+bqk5dSKQV/zCfmFg=="
      },
      "AppGates.Net.Build.Packaging.AutoPush": {
        "type": "Direct",
        "requested": "[*, )",
        "resolved": "1.2.17.1610750051",
        "contentHash": "jZHvMQds2qKZhcKweql4Do1eGTk/t/2mNoO11EyJd67rIAT+Q87VFwLCXIDUzpgmJCLKhiF65K2nS/MMxCuNdQ=="
      },
      "AppGates.Net.Build.TargetPackage": {
        "type": "Direct",
        "requested": "[*, )",
        "resolved": "1.2.17",
        "contentHash": "XAqHSH6ViRw21M5YLVwWXoIN9MYH71aF+L8VCs/5JTO7RvSHNUEu5uU2R1e1oRge6Zm0FhV4p9YSLau5aGt9Ag=="
      },
      "AppGates.Net.Build.TransitivePack": {
        "type": "Direct",
        "requested": "[*, )",
        "resolved": "1.2.7",
        "contentHash": "7GHZpzWqWQmh5s+epiYWU+IlG3fhvAs32czq6WpbQ5jX/0CobBGPUX074NPKGQ4NQqIx7f+siKtGJp7NrPv8Jw=="
      },
      "Microsoft.CodeAnalysis.PublicApiAnalyzers": {
        "type": "Direct",
        "requested": "[*, )",
        "resolved": "3.3.2",
        "contentHash": "jlQnHJZX+Y3WygwqKNRTp/BtnSb/o+a2FFn/Ot7jeSCC5ZtrHtOi04gw5o3WSEU3OpVzrKjZVQRUwKFJncxKyA=="
      },
      "Nerdbank.GitVersioning": {
        "type": "Direct",
        "requested": "[*, )",
        "resolved": "3.3.37",
        "contentHash": "YlDKV/gSHQGDThWSGqVyPfKeNP/kx1fj/NPFFgGc/cxzgIbXv4jtYOcbFOz3ZIeAKtpCcSAmVNDOikBs3OxI/A=="
      },
      "NETStandard.Library": {
        "type": "Direct",
        "requested": "[2.0.3, )",
        "resolved": "2.0.3",
        "contentHash": "st47PosZSHrjECdjeIzZQbzivYBJFv6P2nv4cj2ypdI204DO+vZ7l5raGMiX4eXMJ53RfOIg+/s4DHVZ54Nu2A==",
        "dependencies": {
          "Microsoft.NETCore.Platforms": "1.1.0"
        }
      },
      "Microsoft.NETCore.Platforms": {
        "type": "Transitive",
        "resolved": "1.1.0",
        "contentHash": "kz0PEW2lhqygehI/d6XsPCQzD7ff7gUJaVGPVETX611eadGsA3A877GdSlU0LRVMCTH/+P3o2iDTak+S08V2+A=="
      },
      "appgates.build.versioning.test.transitivelibrary": {
        "type": "Project"
      }
    }
  }
}