{
  "version": 1,
  "dependencies": {
    ".NETStandard,Version=v2.0": {
      "AppGates.Build.ApiManagement.Sdk": {
        "type": "Direct",
        "requested": "[*, )",
        "resolved": "1.2.0.1609103573",
        "contentHash": "QooqjO0hvQVJBWZuTILfq31WfzrZhKxF64XE8mQzQqAsljTQ75J3dKpA6sbXWRlyAKNnJLvOZd63ZSDlYo+0oA=="
      },
      "AppGates.Net.Build.Deterministic": {
        "type": "Direct",
        "requested": "[*, )",
        "resolved": "1.2.0.1609083236",
        "contentHash": "igrMXwxQhGaja8KuULT+sobBCeAUJSQGHZYxR1d2Szr3OPBc+3TvkN7L5OypTHvmMUjizrsVNYPLcCNLWZoYEA=="
      },
      "AppGates.Net.Build.Hooks": {
        "type": "Direct",
        "requested": "[*, )",
        "resolved": "1.2.0.1609083237",
        "contentHash": "8I10p5LK5Ty23TdJ3WGOY0BRX6PgPLR/C+RKSBX0906AGCUPZ//6dg04r4AMOUGbfsu23JKNQrtsHivJYFHqKQ=="
      },
      "AppGates.Net.Build.LocalVersioning": {
        "type": "Direct",
        "requested": "[*, )",
        "resolved": "1.2.0.1609083236",
        "contentHash": "MAFkhkg9migrE9RBmfAAEAXQIEl+xDFc4kajiQ0DwMq1tQHixQaBfYzBPOQOkf2Ore7MTcLiEHKOrtZSuL5Cyw=="
      },
      "AppGates.Net.Build.NoBinaryPackage": {
        "type": "Direct",
        "requested": "[*, )",
        "resolved": "1.2.0.1609083238",
        "contentHash": "F6UuY2IQ8fzoJQ3qwYDI2WHEKLTrkkaMKdC+uW1ANxb4lOaWqxBXOf3ISvC4FrCajr3X1AlicPH902mlH6lnXA=="
      },
      "AppGates.Net.Build.Packaging.AutoPush": {
        "type": "Direct",
        "requested": "[*, )",
        "resolved": "1.2.4.1609110036",
        "contentHash": "jec1ZAN7PJSmuA/cuEiIuM7cl1JI42IjFCGtAPXNzdNF+kRxJPcRp40CuFEPXqGNU85d6GT+FzTfG3wbQ62mew=="
      },
      "AppGates.Net.Build.TargetPackage": {
        "type": "Direct",
        "requested": "[*, )",
        "resolved": "1.2.0.1609083238",
        "contentHash": "/0kpGw0Wj2pTBzsfp5uRzP4YUuFNQExWwsND6X1NHjngVDBY/dq11pMQDBEQw0oeOaI8Ceq7yBFpuKHN006kFw=="
      },
      "AppGates.Net.Build.TransitivePack": {
        "type": "Direct",
        "requested": "[*, )",
        "resolved": "1.2.0.1609083235",
        "contentHash": "L5PMO7DN16KR0JDQUIsWkzB6qjx0WWBBFOOpdL4uh0XCTJxpZOmVWoHg2shvAOM7kYeK+uDcOwMnOi0eU9HepA=="
      },
      "Microsoft.CodeAnalysis.PublicApiAnalyzers": {
        "type": "Direct",
        "requested": "[*, )",
        "resolved": "3.3.2",
        "contentHash": "jlQnHJZX+Y3WygwqKNRTp/BtnSb/o+a2FFn/Ot7jeSCC5ZtrHtOi04gw5o3WSEU3OpVzrKjZVQRUwKFJncxKyA=="
      },
      "Nerdbank.GitVersioning": {
        "type": "Direct",
        "requested": "[*, )",
        "resolved": "3.3.37",
        "contentHash": "YlDKV/gSHQGDThWSGqVyPfKeNP/kx1fj/NPFFgGc/cxzgIbXv4jtYOcbFOz3ZIeAKtpCcSAmVNDOikBs3OxI/A=="
      },
      "NETStandard.Library": {
        "type": "Direct",
        "requested": "[2.0.3, )",
        "resolved": "2.0.3",
        "contentHash": "st47PosZSHrjECdjeIzZQbzivYBJFv6P2nv4cj2ypdI204DO+vZ7l5raGMiX4eXMJ53RfOIg+/s4DHVZ54Nu2A==",
        "dependencies": {
          "Microsoft.NETCore.Platforms": "1.1.0"
        }
      },
      "Microsoft.NETCore.Platforms": {
        "type": "Transitive",
        "resolved": "1.1.0",
        "contentHash": "kz0PEW2lhqygehI/d6XsPCQzD7ff7gUJaVGPVETX611eadGsA3A877GdSlU0LRVMCTH/+P3o2iDTak+S08V2+A=="
      },
      "appgates.build.versioning.test.transitiveprojectlibrary": {
        "type": "Project"
      }
    }
  }
}