{
  "version": 1,
  "dependencies": {
    ".NETCoreApp,Version=v3.1": {
      "AppGates.Build.ApiManagement.Sdk": {
        "type": "Direct",
        "requested": "[*, )",
        "resolved": "1.2.15",
        "contentHash": "3rIdb/EwRLNxMnqcCZfSW6ZPGku0lHSgDw2K8CFwIAUZBvyRZTgyW46Jv0n4CPALDqt9xsV5edv6wruFRbqzmw=="
      },
      "AppGates.Build.Versioning.Test.ExternalLibrary": {
        "type": "Direct",
        "requested": "[*, )",
        "resolved": "1.2.14",
        "contentHash": "LT9cHsNP9ecsw0wLI88nYmFRA3uzml7Q741+KWTWMEeXiYwV2H/6O2OiKepjTSCPJGIBA6+eCHX5zrTXivwWQA==",
        "dependencies": {
          "AppGates.Build.Versioning.Test.TransitiveLibrary": "1.2.14"
        }
      },
      "AppGates.Net.Build.Deterministic": {
        "type": "Direct",
        "requested": "[*, )",
        "resolved": "1.2.5",
        "contentHash": "244wnVA549pRBcfcas5nD85wmw4yXdTHBJZvo6sXuuBQ5MUvb2UGiIrEkl+uLIVY64h5EBFOgT27B9zk9c3+vA=="
      },
      "AppGates.Net.Build.Hooks": {
        "type": "Direct",
        "requested": "[*, )",
        "resolved": "1.2.15",
        "contentHash": "WvFPGvaIXQTA7NkdjUvt9ndUK9O7RUSlZbA0bxz+TcejcI7jbFrzjMqoB3q9ML0v+rBzxPpeInoGXVIs32iLnQ=="
      },
      "AppGates.Net.Build.LocalVersioning": {
        "type": "Direct",
        "requested": "[*, )",
        "resolved": "1.2.5",
        "contentHash": "IyB31BqZv6RkezYW013kZF2Yq8nibeYlEHd9OeCEUZVmoQ3F68lD2FIW4RGSbc8+X615DX731UR79ydZ8lNJrA=="
      },
      "AppGates.Net.Build.NoBinaryPackage": {
        "type": "Direct",
        "requested": "[*, )",
        "resolved": "1.2.15",
        "contentHash": "pgWPvhCxU/6TEM7zKlDMBeodk2w9bFHuThtbHibP4oCE1ag5FXCWo0LrGH4bKDmi9uHe2+mds308WS0hdjuKMw=="
      },
      "AppGates.Net.Build.Packaging.AutoPush": {
        "type": "Direct",
        "requested": "[*, )",
        "resolved": "1.2.15",
        "contentHash": "0IUrBauTQRyBFPk2BzscMZVE8ANuiGBYMUIrpCMzi/pSxcY+26XeJJxUtyMTb1TFlcKXgivXEpuexE86dyoCXQ=="
      },
      "AppGates.Net.Build.TargetPackage": {
        "type": "Direct",
        "requested": "[*, )",
        "resolved": "1.2.15",
        "contentHash": "8jGgmDH+U2aRx3e9Ef/lie4B5QS+xAmr+6G5kuPm7wtvzhdTddGHCGYEK9TShaxi0M7/kaj3KY0qqgdBY2ihBA=="
      },
      "AppGates.Net.Build.TransitivePack": {
        "type": "Direct",
        "requested": "[*, )",
        "resolved": "1.2.5",
        "contentHash": "3FhYcnDhwI4nNsQWer0exg4FIdCop+gVuA9PgpTAESa6BsY8Ar9H9G9faj9TyrvLLQLyCe4OawiriEZO/w2tdg=="
      },
      "Microsoft.CodeAnalysis.PublicApiAnalyzers": {
        "type": "Direct",
        "requested": "[*, )",
        "resolved": "3.3.2",
        "contentHash": "jlQnHJZX+Y3WygwqKNRTp/BtnSb/o+a2FFn/Ot7jeSCC5ZtrHtOi04gw5o3WSEU3OpVzrKjZVQRUwKFJncxKyA=="
      },
      "Nerdbank.GitVersioning": {
        "type": "Direct",
        "requested": "[*, )",
        "resolved": "3.3.37",
        "contentHash": "YlDKV/gSHQGDThWSGqVyPfKeNP/kx1fj/NPFFgGc/cxzgIbXv4jtYOcbFOz3ZIeAKtpCcSAmVNDOikBs3OxI/A=="
      },
      "AppGates.Build.Versioning.Test.TransitiveLibrary": {
        "type": "Transitive",
        "resolved": "1.2.14",
        "contentHash": "MHfS4c/+HZ2eJJVN4vNABtGDRnI8Wi/oS1DA22iaRyBVZ0xAAp8mahCqR0UCSxMZIMCAhPO/LXzUcmlAABe5tQ=="
      },
      "appgates.build.versioning.test.internallibrary": {
        "type": "Project",
        "dependencies": {
          "AppGates.Build.Versioning.Test.TransitiveProjectLibrary": "1.0.0"
        }
      },
      "appgates.build.versioning.test.transitiveprojectlibrary": {
        "type": "Project"
      }
    },
    ".NETFramework,Version=v4.6.1": {
      "AppGates.Build.ApiManagement.Sdk": {
        "type": "Direct",
        "requested": "[*, )",
        "resolved": "1.2.15",
        "contentHash": "3rIdb/EwRLNxMnqcCZfSW6ZPGku0lHSgDw2K8CFwIAUZBvyRZTgyW46Jv0n4CPALDqt9xsV5edv6wruFRbqzmw=="
      },
      "AppGates.Build.Versioning.Test.ExternalLibrary": {
        "type": "Direct",
        "requested": "[*, )",
        "resolved": "1.2.14",
        "contentHash": "LT9cHsNP9ecsw0wLI88nYmFRA3uzml7Q741+KWTWMEeXiYwV2H/6O2OiKepjTSCPJGIBA6+eCHX5zrTXivwWQA==",
        "dependencies": {
          "AppGates.Build.Versioning.Test.TransitiveLibrary": "1.2.14"
        }
      },
      "AppGates.Net.Build.Deterministic": {
        "type": "Direct",
        "requested": "[*, )",
        "resolved": "1.2.5",
        "contentHash": "244wnVA549pRBcfcas5nD85wmw4yXdTHBJZvo6sXuuBQ5MUvb2UGiIrEkl+uLIVY64h5EBFOgT27B9zk9c3+vA=="
      },
      "AppGates.Net.Build.Hooks": {
        "type": "Direct",
        "requested": "[*, )",
        "resolved": "1.2.15",
        "contentHash": "WvFPGvaIXQTA7NkdjUvt9ndUK9O7RUSlZbA0bxz+TcejcI7jbFrzjMqoB3q9ML0v+rBzxPpeInoGXVIs32iLnQ=="
      },
      "AppGates.Net.Build.LocalVersioning": {
        "type": "Direct",
        "requested": "[*, )",
        "resolved": "1.2.5",
        "contentHash": "IyB31BqZv6RkezYW013kZF2Yq8nibeYlEHd9OeCEUZVmoQ3F68lD2FIW4RGSbc8+X615DX731UR79ydZ8lNJrA=="
      },
      "AppGates.Net.Build.NoBinaryPackage": {
        "type": "Direct",
        "requested": "[*, )",
        "resolved": "1.2.15",
        "contentHash": "pgWPvhCxU/6TEM7zKlDMBeodk2w9bFHuThtbHibP4oCE1ag5FXCWo0LrGH4bKDmi9uHe2+mds308WS0hdjuKMw=="
      },
      "AppGates.Net.Build.Packaging.AutoPush": {
        "type": "Direct",
        "requested": "[*, )",
        "resolved": "1.2.15",
        "contentHash": "0IUrBauTQRyBFPk2BzscMZVE8ANuiGBYMUIrpCMzi/pSxcY+26XeJJxUtyMTb1TFlcKXgivXEpuexE86dyoCXQ=="
      },
      "AppGates.Net.Build.TargetPackage": {
        "type": "Direct",
        "requested": "[*, )",
        "resolved": "1.2.15",
        "contentHash": "8jGgmDH+U2aRx3e9Ef/lie4B5QS+xAmr+6G5kuPm7wtvzhdTddGHCGYEK9TShaxi0M7/kaj3KY0qqgdBY2ihBA=="
      },
      "AppGates.Net.Build.TransitivePack": {
        "type": "Direct",
        "requested": "[*, )",
        "resolved": "1.2.5",
        "contentHash": "3FhYcnDhwI4nNsQWer0exg4FIdCop+gVuA9PgpTAESa6BsY8Ar9H9G9faj9TyrvLLQLyCe4OawiriEZO/w2tdg=="
      },
      "Microsoft.CodeAnalysis.PublicApiAnalyzers": {
        "type": "Direct",
        "requested": "[*, )",
        "resolved": "3.3.2",
        "contentHash": "jlQnHJZX+Y3WygwqKNRTp/BtnSb/o+a2FFn/Ot7jeSCC5ZtrHtOi04gw5o3WSEU3OpVzrKjZVQRUwKFJncxKyA=="
      },
      "Nerdbank.GitVersioning": {
        "type": "Direct",
        "requested": "[*, )",
        "resolved": "3.3.37",
        "contentHash": "YlDKV/gSHQGDThWSGqVyPfKeNP/kx1fj/NPFFgGc/cxzgIbXv4jtYOcbFOz3ZIeAKtpCcSAmVNDOikBs3OxI/A=="
      },
      "AppGates.Build.Versioning.Test.TransitiveLibrary": {
        "type": "Transitive",
        "resolved": "1.2.14",
        "contentHash": "MHfS4c/+HZ2eJJVN4vNABtGDRnI8Wi/oS1DA22iaRyBVZ0xAAp8mahCqR0UCSxMZIMCAhPO/LXzUcmlAABe5tQ=="
      },
      "appgates.build.versioning.test.internallibrary": {
        "type": "Project",
        "dependencies": {
          "AppGates.Build.Versioning.Test.TransitiveProjectLibrary": "1.0.0"
        }
      },
      "appgates.build.versioning.test.transitiveprojectlibrary": {
        "type": "Project"
      }
    }
  }
}