{
  "version": 1,
  "dependencies": {
    ".NETCoreApp,Version=v3.1": {
      "AppGates.Build.ApiManagement.Sdk": {
        "type": "Direct",
        "requested": "[*, )",
        "resolved": "1.2.0.1609103573",
        "contentHash": "QooqjO0hvQVJBWZuTILfq31WfzrZhKxF64XE8mQzQqAsljTQ75J3dKpA6sbXWRlyAKNnJLvOZd63ZSDlYo+0oA=="
      },
      "AppGates.Build.Versioning.Test.ExternalLibrary": {
        "type": "Direct",
        "requested": "[*, )",
        "resolved": "1.2.0.1609083242",
        "contentHash": "CR0npZeKg1Ps5u01a70c16DJK72/bQnSwauI/wI5NRtIawGz3Il7ZcxhyMR9kWnWOObNUGes+EK6540/mUk7/A==",
        "dependencies": {
          "AppGates.Build.Versioning.Test.TransitiveLibrary": "1.2.0.1609083229"
        }
      },
      "AppGates.Net.Build.Deterministic": {
        "type": "Direct",
        "requested": "[*, )",
        "resolved": "1.2.0.1609083236",
        "contentHash": "igrMXwxQhGaja8KuULT+sobBCeAUJSQGHZYxR1d2Szr3OPBc+3TvkN7L5OypTHvmMUjizrsVNYPLcCNLWZoYEA=="
      },
      "AppGates.Net.Build.Hooks": {
        "type": "Direct",
        "requested": "[*, )",
        "resolved": "1.2.0.1609083237",
        "contentHash": "8I10p5LK5Ty23TdJ3WGOY0BRX6PgPLR/C+RKSBX0906AGCUPZ//6dg04r4AMOUGbfsu23JKNQrtsHivJYFHqKQ=="
      },
      "AppGates.Net.Build.LocalVersioning": {
        "type": "Direct",
        "requested": "[*, )",
        "resolved": "1.2.0.1609083236",
        "contentHash": "MAFkhkg9migrE9RBmfAAEAXQIEl+xDFc4kajiQ0DwMq1tQHixQaBfYzBPOQOkf2Ore7MTcLiEHKOrtZSuL5Cyw=="
      },
      "AppGates.Net.Build.NoBinaryPackage": {
        "type": "Direct",
        "requested": "[*, )",
        "resolved": "1.2.0.1609083238",
        "contentHash": "F6UuY2IQ8fzoJQ3qwYDI2WHEKLTrkkaMKdC+uW1ANxb4lOaWqxBXOf3ISvC4FrCajr3X1AlicPH902mlH6lnXA=="
      },
      "AppGates.Net.Build.Packaging.AutoPush": {
        "type": "Direct",
        "requested": "[*, )",
        "resolved": "1.2.0.1609083240",
        "contentHash": "/B3e/jIBCWFFYLWcpwOqSF8OypYi/HCA8yU8EF04KJ7FiAt2eUrixbLqpfMObJNweykiM9KKLrfTWS29SEmE6w=="
      },
      "AppGates.Net.Build.TargetPackage": {
        "type": "Direct",
        "requested": "[*, )",
        "resolved": "1.2.0.1609083238",
        "contentHash": "/0kpGw0Wj2pTBzsfp5uRzP4YUuFNQExWwsND6X1NHjngVDBY/dq11pMQDBEQw0oeOaI8Ceq7yBFpuKHN006kFw=="
      },
      "AppGates.Net.Build.TransitivePack": {
        "type": "Direct",
        "requested": "[*, )",
        "resolved": "1.2.0.1609083235",
        "contentHash": "L5PMO7DN16KR0JDQUIsWkzB6qjx0WWBBFOOpdL4uh0XCTJxpZOmVWoHg2shvAOM7kYeK+uDcOwMnOi0eU9HepA=="
      },
      "Microsoft.CodeAnalysis.PublicApiAnalyzers": {
        "type": "Direct",
        "requested": "[*, )",
        "resolved": "3.3.2",
        "contentHash": "jlQnHJZX+Y3WygwqKNRTp/BtnSb/o+a2FFn/Ot7jeSCC5ZtrHtOi04gw5o3WSEU3OpVzrKjZVQRUwKFJncxKyA=="
      },
      "Nerdbank.GitVersioning": {
        "type": "Direct",
        "requested": "[*, )",
        "resolved": "3.3.37",
        "contentHash": "YlDKV/gSHQGDThWSGqVyPfKeNP/kx1fj/NPFFgGc/cxzgIbXv4jtYOcbFOz3ZIeAKtpCcSAmVNDOikBs3OxI/A=="
      },
      "AppGates.Build.Versioning.Test.TransitiveLibrary": {
        "type": "Transitive",
        "resolved": "1.2.0.1609083229",
        "contentHash": "O6pwk7m4n+2VKg1M4R8x8p/EvZJiIHP8WOB5AKPDufH0EqRQcuZ/B5HVG68YzTTrKqbLzU728HpPtB3DbtvZ1w=="
      },
      "appgates.build.versioning.test.internallibrary": {
        "type": "Project",
        "dependencies": {
          "AppGates.Build.Versioning.Test.TransitiveProjectLibrary": "1.0.0"
        }
      },
      "appgates.build.versioning.test.transitiveprojectlibrary": {
        "type": "Project"
      }
    },
    ".NETFramework,Version=v4.6.1": {
      "AppGates.Build.ApiManagement.Sdk": {
        "type": "Direct",
        "requested": "[*, )",
        "resolved": "1.2.0.1609103573",
        "contentHash": "QooqjO0hvQVJBWZuTILfq31WfzrZhKxF64XE8mQzQqAsljTQ75J3dKpA6sbXWRlyAKNnJLvOZd63ZSDlYo+0oA=="
      },
      "AppGates.Build.Versioning.Test.ExternalLibrary": {
        "type": "Direct",
        "requested": "[*, )",
        "resolved": "1.2.0.1609083242",
        "contentHash": "CR0npZeKg1Ps5u01a70c16DJK72/bQnSwauI/wI5NRtIawGz3Il7ZcxhyMR9kWnWOObNUGes+EK6540/mUk7/A==",
        "dependencies": {
          "AppGates.Build.Versioning.Test.TransitiveLibrary": "1.2.0.1609083229"
        }
      },
      "AppGates.Net.Build.Deterministic": {
        "type": "Direct",
        "requested": "[*, )",
        "resolved": "1.2.0.1609083236",
        "contentHash": "igrMXwxQhGaja8KuULT+sobBCeAUJSQGHZYxR1d2Szr3OPBc+3TvkN7L5OypTHvmMUjizrsVNYPLcCNLWZoYEA=="
      },
      "AppGates.Net.Build.Hooks": {
        "type": "Direct",
        "requested": "[*, )",
        "resolved": "1.2.0.1609083237",
        "contentHash": "8I10p5LK5Ty23TdJ3WGOY0BRX6PgPLR/C+RKSBX0906AGCUPZ//6dg04r4AMOUGbfsu23JKNQrtsHivJYFHqKQ=="
      },
      "AppGates.Net.Build.LocalVersioning": {
        "type": "Direct",
        "requested": "[*, )",
        "resolved": "1.2.0.1609083236",
        "contentHash": "MAFkhkg9migrE9RBmfAAEAXQIEl+xDFc4kajiQ0DwMq1tQHixQaBfYzBPOQOkf2Ore7MTcLiEHKOrtZSuL5Cyw=="
      },
      "AppGates.Net.Build.NoBinaryPackage": {
        "type": "Direct",
        "requested": "[*, )",
        "resolved": "1.2.0.1609083238",
        "contentHash": "F6UuY2IQ8fzoJQ3qwYDI2WHEKLTrkkaMKdC+uW1ANxb4lOaWqxBXOf3ISvC4FrCajr3X1AlicPH902mlH6lnXA=="
      },
      "AppGates.Net.Build.Packaging.AutoPush": {
        "type": "Direct",
        "requested": "[*, )",
        "resolved": "1.2.0.1609083240",
        "contentHash": "/B3e/jIBCWFFYLWcpwOqSF8OypYi/HCA8yU8EF04KJ7FiAt2eUrixbLqpfMObJNweykiM9KKLrfTWS29SEmE6w=="
      },
      "AppGates.Net.Build.TargetPackage": {
        "type": "Direct",
        "requested": "[*, )",
        "resolved": "1.2.0.1609083238",
        "contentHash": "/0kpGw0Wj2pTBzsfp5uRzP4YUuFNQExWwsND6X1NHjngVDBY/dq11pMQDBEQw0oeOaI8Ceq7yBFpuKHN006kFw=="
      },
      "AppGates.Net.Build.TransitivePack": {
        "type": "Direct",
        "requested": "[*, )",
        "resolved": "1.2.0.1609083235",
        "contentHash": "L5PMO7DN16KR0JDQUIsWkzB6qjx0WWBBFOOpdL4uh0XCTJxpZOmVWoHg2shvAOM7kYeK+uDcOwMnOi0eU9HepA=="
      },
      "Microsoft.CodeAnalysis.PublicApiAnalyzers": {
        "type": "Direct",
        "requested": "[*, )",
        "resolved": "3.3.2",
        "contentHash": "jlQnHJZX+Y3WygwqKNRTp/BtnSb/o+a2FFn/Ot7jeSCC5ZtrHtOi04gw5o3WSEU3OpVzrKjZVQRUwKFJncxKyA=="
      },
      "Nerdbank.GitVersioning": {
        "type": "Direct",
        "requested": "[*, )",
        "resolved": "3.3.37",
        "contentHash": "YlDKV/gSHQGDThWSGqVyPfKeNP/kx1fj/NPFFgGc/cxzgIbXv4jtYOcbFOz3ZIeAKtpCcSAmVNDOikBs3OxI/A=="
      },
      "AppGates.Build.Versioning.Test.TransitiveLibrary": {
        "type": "Transitive",
        "resolved": "1.2.0.1609083229",
        "contentHash": "O6pwk7m4n+2VKg1M4R8x8p/EvZJiIHP8WOB5AKPDufH0EqRQcuZ/B5HVG68YzTTrKqbLzU728HpPtB3DbtvZ1w=="
      },
      "appgates.build.versioning.test.internallibrary": {
        "type": "Project",
        "dependencies": {
          "AppGates.Build.Versioning.Test.TransitiveProjectLibrary": "1.0.0"
        }
      },
      "appgates.build.versioning.test.transitiveprojectlibrary": {
        "type": "Project"
      }
    }
  }
}