
Microsoft Visual Studio Solution File, Format Version 12.00
# Visual Studio Version 16
VisualStudioVersion = 16.0.30608.117
MinimumVisualStudioVersion = 10.0.40219.1
Project("{9A19103F-16F7-4668-BE54-9A1E7A4F7556}") = "AppGates.Build.ApiManagement.Tasks", "AppGates.Build.ApiManagement.Tasks\AppGates.Build.ApiManagement.Tasks.csproj", "{068CA0E3-74DF-4F09-8D99-E650FD7020A5}"
EndProject
Project("{9A19103F-16F7-4668-BE54-9A1E7A4F7556}") = "AppGates.Build.ApiManagement.Targets", "AppGates.Build.ApiManagement.Targets\AppGates.Build.ApiManagement.Targets.csproj", "{E7E82111-F2AC-4A59-9966-DE9C4BABB3B8}"
EndProject
Project("{9A19103F-16F7-4668-BE54-9A1E7A4F7556}") = "AppGates.Build.ApiManagement.Sdk", "AppGates.Build.ApiManagement.Sdk\AppGates.Build.ApiManagement.Sdk.csproj", "{2AFF1BBE-7348-4BAA-838D-DEA5B6870E6C}"
EndProject
Project("{9A19103F-16F7-4668-BE54-9A1E7A4F7556}") = "AppGates.Net.Build.TransitivePack", "AppGates.Net.Build.TransitivePack\AppGates.Net.Build.TransitivePack.csproj", "{4E2B49B8-5BBB-47DA-9A1A-3E3D9DDC0286}"
EndProject
Project("{9A19103F-16F7-4668-BE54-9A1E7A4F7556}") = "AppGates.Net.Build.LocalVersioning", "AppGates.Net.Build.LocalVersioning\AppGates.Net.Build.LocalVersioning.csproj", "{BCDCF0CA-6DBA-4703-8438-76E03A693711}"
EndProject
Project("{2150E333-8FDC-42A3-9474-1A3956D46DE8}") = "Framework", "Framework", "{FFF8E523-AC7A-41A4-8ED5-BE15D1EF0C14}"
EndProject
Project("{9A19103F-16F7-4668-BE54-9A1E7A4F7556}") = "AppGates.Net.Build.Deterministic", "AppGates.Net.Build.Deterministic\AppGates.Net.Build.Deterministic.csproj", "{AA78567E-25FA-4E08-94FF-823EC4C69703}"
EndProject
Project("{9A19103F-16F7-4668-BE54-9A1E7A4F7556}") = "AppGates.Net.Build.Hooks", "AppGates.Net.Build.Hooks\AppGates.Net.Build.Hooks.csproj", "{AEBE05D8-D6D0-4F94-A42F-4C8B0F47D1AC}"
EndProject
Project("{9A19103F-16F7-4668-BE54-9A1E7A4F7556}") = "AppGates.Net.Build.TargetPackage", "AppGates.Net.Build.TargetPackage\AppGates.Net.Build.TargetPackage.csproj", "{DFC5F3AF-800C-4759-B34B-7317032A45E7}"
EndProject
Project("{9A19103F-16F7-4668-BE54-9A1E7A4F7556}") = "AppGates.Net.Build.NoBinaryPackage", "AppGates.Net.Build.NoBinaryPackage\AppGates.Net.Build.NoBinaryPackage.csproj", "{FB89C97E-10F4-4E4D-AE83-70577ED90332}"
EndProject
Project("{9A19103F-16F7-4668-BE54-9A1E7A4F7556}") = "_Root", "..\_Root.csproj", "{B772A285-AC10-4204-8585-144588072E32}"
EndProject
Project("{2150E333-8FDC-42A3-9474-1A3956D46DE8}") = "_", "_", "{31C4B62E-6445-48D8-B748-FA885B432D81}"
EndProject
Project("{9A19103F-16F7-4668-BE54-9A1E7A4F7556}") = "AppGates.Net.Build.GitHooks.Powershell", "AppGates.Net.Build.GitHooks.Powershell\AppGates.Net.Build.GitHooks.Powershell.csproj", "{DB3A885D-345B-4078-B135-3A665C46F3AD}"
EndProject
Project("{9A19103F-16F7-4668-BE54-9A1E7A4F7556}") = "AppGates.Net.Build.Git.Hooks.Dotnet", "AppGates.Net.Build.Git.Hooks.Dotnet\AppGates.Net.Build.Git.Hooks.Dotnet.csproj", "{9D0675C8-6570-4B02-A624-3FF09047B9B1}"
EndProject
Project("{9A19103F-16F7-4668-BE54-9A1E7A4F7556}") = "AppGates.Net.Build.Packaging.AutoPush", "AppGates.Net.Build.Packaging.AutoPush\AppGates.Net.Build.Packaging.AutoPush.csproj", "{5F08FEA5-3760-4229-8B6D-74942940F721}"
EndProject
Project("{9A19103F-16F7-4668-BE54-9A1E7A4F7556}") = "AppGates.Net.Build.Pipeline", "AppGates.Net.Build.Pipeline\AppGates.Net.Build.Pipeline.csproj", "{2C85C721-5244-4F1F-9AF5-0CA0CA752BAF}"
EndProject
Project("{9A19103F-16F7-4668-BE54-9A1E7A4F7556}") = "AppGates.Net.Build.Tests", "AppGates.Net.Build.Tests\AppGates.Net.Build.Tests.csproj", "{BB818415-769E-4526-A338-FCEE64488E92}"
EndProject
Project("{FAE04EC0-301F-11D3-BF4B-00C04F79EFBC}") = "AppGates.Net.Build.Blazor.WasmApp", "AppGates.Net.Build.Blazor.WasmApp\AppGates.Net.Build.Blazor.WasmApp.csproj", "{D77E88AD-0D55-42CB-BAD0-8F12671FF82A}"
EndProject
Project("{FAE04EC0-301F-11D3-BF4B-00C04F79EFBC}") = "AppGates.Net.Build.Tasks", "AppGates.Net.Build.Tasks\AppGates.Net.Build.Tasks.csproj", "{EF2B5E04-1A95-4B36-806A-98B6E3FC5C4A}"
EndProject
Global
	GlobalSection(SolutionConfigurationPlatforms) = preSolution
		Debug|Any CPU = Debug|Any CPU
		Release|Any CPU = Release|Any CPU
	EndGlobalSection
	GlobalSection(ProjectConfigurationPlatforms) = postSolution
		{068CA0E3-74DF-4F09-8D99-E650FD7020A5}.Debug|Any CPU.ActiveCfg = Debug|Any CPU
		{068CA0E3-74DF-4F09-8D99-E650FD7020A5}.Debug|Any CPU.Build.0 = Debug|Any CPU
		{068CA0E3-74DF-4F09-8D99-E650FD7020A5}.Release|Any CPU.ActiveCfg = Release|Any CPU
		{068CA0E3-74DF-4F09-8D99-E650FD7020A5}.Release|Any CPU.Build.0 = Release|Any CPU
		{E7E82111-F2AC-4A59-9966-DE9C4BABB3B8}.Debug|Any CPU.ActiveCfg = Debug|Any CPU
		{E7E82111-F2AC-4A59-9966-DE9C4BABB3B8}.Debug|Any CPU.Build.0 = Debug|Any CPU
		{E7E82111-F2AC-4A59-9966-DE9C4BABB3B8}.Release|Any CPU.ActiveCfg = Release|Any CPU
		{E7E82111-F2AC-4A59-9966-DE9C4BABB3B8}.Release|Any CPU.Build.0 = Release|Any CPU
		{2AFF1BBE-7348-4BAA-838D-DEA5B6870E6C}.Debug|Any CPU.ActiveCfg = Debug|Any CPU
		{2AFF1BBE-7348-4BAA-838D-DEA5B6870E6C}.Debug|Any CPU.Build.0 = Debug|Any CPU
		{2AFF1BBE-7348-4BAA-838D-DEA5B6870E6C}.Release|Any CPU.ActiveCfg = Release|Any CPU
		{2AFF1BBE-7348-4BAA-838D-DEA5B6870E6C}.Release|Any CPU.Build.0 = Release|Any CPU
		{4E2B49B8-5BBB-47DA-9A1A-3E3D9DDC0286}.Debug|Any CPU.ActiveCfg = Debug|Any CPU
		{4E2B49B8-5BBB-47DA-9A1A-3E3D9DDC0286}.Debug|Any CPU.Build.0 = Debug|Any CPU
		{4E2B49B8-5BBB-47DA-9A1A-3E3D9DDC0286}.Release|Any CPU.ActiveCfg = Release|Any CPU
		{4E2B49B8-5BBB-47DA-9A1A-3E3D9DDC0286}.Release|Any CPU.Build.0 = Release|Any CPU
		{BCDCF0CA-6DBA-4703-8438-76E03A693711}.Debug|Any CPU.ActiveCfg = Debug|Any CPU
		{BCDCF0CA-6DBA-4703-8438-76E03A693711}.Debug|Any CPU.Build.0 = Debug|Any CPU
		{BCDCF0CA-6DBA-4703-8438-76E03A693711}.Release|Any CPU.ActiveCfg = Release|Any CPU
		{BCDCF0CA-6DBA-4703-8438-76E03A693711}.Release|Any CPU.Build.0 = Release|Any CPU
		{AA78567E-25FA-4E08-94FF-823EC4C69703}.Debug|Any CPU.ActiveCfg = Debug|Any CPU
		{AA78567E-25FA-4E08-94FF-823EC4C69703}.Debug|Any CPU.Build.0 = Debug|Any CPU
		{AA78567E-25FA-4E08-94FF-823EC4C69703}.Release|Any CPU.ActiveCfg = Release|Any CPU
		{AA78567E-25FA-4E08-94FF-823EC4C69703}.Release|Any CPU.Build.0 = Release|Any CPU
		{AEBE05D8-D6D0-4F94-A42F-4C8B0F47D1AC}.Debug|Any CPU.ActiveCfg = Debug|Any CPU
		{AEBE05D8-D6D0-4F94-A42F-4C8B0F47D1AC}.Debug|Any CPU.Build.0 = Debug|Any CPU
		{AEBE05D8-D6D0-4F94-A42F-4C8B0F47D1AC}.Release|Any CPU.ActiveCfg = Release|Any CPU
		{AEBE05D8-D6D0-4F94-A42F-4C8B0F47D1AC}.Release|Any CPU.Build.0 = Release|Any CPU
		{DFC5F3AF-800C-4759-B34B-7317032A45E7}.Debug|Any CPU.ActiveCfg = Debug|Any CPU
		{DFC5F3AF-800C-4759-B34B-7317032A45E7}.Debug|Any CPU.Build.0 = Debug|Any CPU
		{DFC5F3AF-800C-4759-B34B-7317032A45E7}.Release|Any CPU.ActiveCfg = Release|Any CPU
		{DFC5F3AF-800C-4759-B34B-7317032A45E7}.Release|Any CPU.Build.0 = Release|Any CPU
		{FB89C97E-10F4-4E4D-AE83-70577ED90332}.Debug|Any CPU.ActiveCfg = Debug|Any CPU
		{FB89C97E-10F4-4E4D-AE83-70577ED90332}.Debug|Any CPU.Build.0 = Debug|Any CPU
		{FB89C97E-10F4-4E4D-AE83-70577ED90332}.Release|Any CPU.ActiveCfg = Release|Any CPU
		{FB89C97E-10F4-4E4D-AE83-70577ED90332}.Release|Any CPU.Build.0 = Release|Any CPU
		{B772A285-AC10-4204-8585-144588072E32}.Debug|Any CPU.ActiveCfg = Debug|Any CPU
		{B772A285-AC10-4204-8585-144588072E32}.Debug|Any CPU.Build.0 = Debug|Any CPU
		{B772A285-AC10-4204-8585-144588072E32}.Release|Any CPU.ActiveCfg = Release|Any CPU
		{B772A285-AC10-4204-8585-144588072E32}.Release|Any CPU.Build.0 = Release|Any CPU
		{DB3A885D-345B-4078-B135-3A665C46F3AD}.Debug|Any CPU.ActiveCfg = Debug|Any CPU
		{DB3A885D-345B-4078-B135-3A665C46F3AD}.Debug|Any CPU.Build.0 = Debug|Any CPU
		{DB3A885D-345B-4078-B135-3A665C46F3AD}.Release|Any CPU.ActiveCfg = Release|Any CPU
		{DB3A885D-345B-4078-B135-3A665C46F3AD}.Release|Any CPU.Build.0 = Release|Any CPU
		{9D0675C8-6570-4B02-A624-3FF09047B9B1}.Debug|Any CPU.ActiveCfg = Debug|Any CPU
		{9D0675C8-6570-4B02-A624-3FF09047B9B1}.Debug|Any CPU.Build.0 = Debug|Any CPU
		{9D0675C8-6570-4B02-A624-3FF09047B9B1}.Release|Any CPU.ActiveCfg = Release|Any CPU
		{9D0675C8-6570-4B02-A624-3FF09047B9B1}.Release|Any CPU.Build.0 = Release|Any CPU
		{5F08FEA5-3760-4229-8B6D-74942940F721}.Debug|Any CPU.ActiveCfg = Debug|Any CPU
		{5F08FEA5-3760-4229-8B6D-74942940F721}.Debug|Any CPU.Build.0 = Debug|Any CPU
		{5F08FEA5-3760-4229-8B6D-74942940F721}.Release|Any CPU.ActiveCfg = Release|Any CPU
		{5F08FEA5-3760-4229-8B6D-74942940F721}.Release|Any CPU.Build.0 = Release|Any CPU
		{2C85C721-5244-4F1F-9AF5-0CA0CA752BAF}.Debug|Any CPU.ActiveCfg = Debug|Any CPU
		{2C85C721-5244-4F1F-9AF5-0CA0CA752BAF}.Debug|Any CPU.Build.0 = Debug|Any CPU
		{2C85C721-5244-4F1F-9AF5-0CA0CA752BAF}.Release|Any CPU.ActiveCfg = Release|Any CPU
		{2C85C721-5244-4F1F-9AF5-0CA0CA752BAF}.Release|Any CPU.Build.0 = Release|Any CPU
		{BB818415-769E-4526-A338-FCEE64488E92}.Debug|Any CPU.ActiveCfg = Debug|Any CPU
		{BB818415-769E-4526-A338-FCEE64488E92}.Debug|Any CPU.Build.0 = Debug|Any CPU
		{BB818415-769E-4526-A338-FCEE64488E92}.Release|Any CPU.ActiveCfg = Release|Any CPU
		{BB818415-769E-4526-A338-FCEE64488E92}.Release|Any CPU.Build.0 = Release|Any CPU
		{D77E88AD-0D55-42CB-BAD0-8F12671FF82A}.Debug|Any CPU.ActiveCfg = Debug|Any CPU
		{D77E88AD-0D55-42CB-BAD0-8F12671FF82A}.Debug|Any CPU.Build.0 = Debug|Any CPU
		{D77E88AD-0D55-42CB-BAD0-8F12671FF82A}.Release|Any CPU.ActiveCfg = Release|Any CPU
		{D77E88AD-0D55-42CB-BAD0-8F12671FF82A}.Release|Any CPU.Build.0 = Release|Any CPU
		{EF2B5E04-1A95-4B36-806A-98B6E3FC5C4A}.Debug|Any CPU.ActiveCfg = Debug|Any CPU
		{EF2B5E04-1A95-4B36-806A-98B6E3FC5C4A}.Debug|Any CPU.Build.0 = Debug|Any CPU
		{EF2B5E04-1A95-4B36-806A-98B6E3FC5C4A}.Release|Any CPU.ActiveCfg = Release|Any CPU
		{EF2B5E04-1A95-4B36-806A-98B6E3FC5C4A}.Release|Any CPU.Build.0 = Release|Any CPU
	EndGlobalSection
	GlobalSection(SolutionProperties) = preSolution
		HideSolutionNode = FALSE
	EndGlobalSection
	GlobalSection(NestedProjects) = preSolution
		{068CA0E3-74DF-4F09-8D99-E650FD7020A5} = {FFF8E523-AC7A-41A4-8ED5-BE15D1EF0C14}
		{E7E82111-F2AC-4A59-9966-DE9C4BABB3B8} = {FFF8E523-AC7A-41A4-8ED5-BE15D1EF0C14}
		{2AFF1BBE-7348-4BAA-838D-DEA5B6870E6C} = {FFF8E523-AC7A-41A4-8ED5-BE15D1EF0C14}
		{4E2B49B8-5BBB-47DA-9A1A-3E3D9DDC0286} = {FFF8E523-AC7A-41A4-8ED5-BE15D1EF0C14}
		{BCDCF0CA-6DBA-4703-8438-76E03A693711} = {FFF8E523-AC7A-41A4-8ED5-BE15D1EF0C14}
		{AA78567E-25FA-4E08-94FF-823EC4C69703} = {FFF8E523-AC7A-41A4-8ED5-BE15D1EF0C14}
		{AEBE05D8-D6D0-4F94-A42F-4C8B0F47D1AC} = {FFF8E523-AC7A-41A4-8ED5-BE15D1EF0C14}
		{DFC5F3AF-800C-4759-B34B-7317032A45E7} = {FFF8E523-AC7A-41A4-8ED5-BE15D1EF0C14}
		{FB89C97E-10F4-4E4D-AE83-70577ED90332} = {FFF8E523-AC7A-41A4-8ED5-BE15D1EF0C14}
		{B772A285-AC10-4204-8585-144588072E32} = {31C4B62E-6445-48D8-B748-FA885B432D81}
		{DB3A885D-345B-4078-B135-3A665C46F3AD} = {FFF8E523-AC7A-41A4-8ED5-BE15D1EF0C14}
		{9D0675C8-6570-4B02-A624-3FF09047B9B1} = {FFF8E523-AC7A-41A4-8ED5-BE15D1EF0C14}
		{5F08FEA5-3760-4229-8B6D-74942940F721} = {FFF8E523-AC7A-41A4-8ED5-BE15D1EF0C14}
		{2C85C721-5244-4F1F-9AF5-0CA0CA752BAF} = {FFF8E523-AC7A-41A4-8ED5-BE15D1EF0C14}
		{BB818415-769E-4526-A338-FCEE64488E92} = {FFF8E523-AC7A-41A4-8ED5-BE15D1EF0C14}
		{D77E88AD-0D55-42CB-BAD0-8F12671FF82A} = {FFF8E523-AC7A-41A4-8ED5-BE15D1EF0C14}
		{EF2B5E04-1A95-4B36-806A-98B6E3FC5C4A} = {FFF8E523-AC7A-41A4-8ED5-BE15D1EF0C14}
	EndGlobalSection
	GlobalSection(ExtensibilityGlobals) = postSolution
		SolutionGuid = {1A1A1C38-2115-4B0C-AC66-0623B2BCB102}
	EndGlobalSection
EndGlobal
