{
  "version": 1,
  "dependencies": {
    ".NETFramework,Version=v4.8": {
      "AppGates.Build.ApiManagement.Sdk": {
        "type": "Direct",
        "requested": "[*, )",
        "resolved": "1.2.16",
        "contentHash": "fmJ65Gz2nsKvirxrKlvxcvM8VP+hL7puXgMqGJVD2FwljDtxU/CZg7f9dDzABPcAWx6xizpOBKXFQCIebD5Aig=="
      },
      "AppGates.Net.Build.Deterministic": {
        "type": "Direct",
        "requested": "[*, )",
        "resolved": "1.2.6",
        "contentHash": "B5r9ChlxfoTqKwENAi5REy7HKWA2PwoX3dlvNBbnO1yH8xfbs75JDMtp0R8FgDh/jiqGRi4hqd6ZE/N0Ngdseg=="
      },
      "AppGates.Net.Build.Hooks": {
        "type": "Direct",
        "requested": "[*, )",
        "resolved": "1.2.16",
        "contentHash": "Nw9/jRkLmB/5kq6WpDU3Y9zB50dsIx7OKSAT0++os0y7Eg9lxyZeYoUgREr+dMfzJkruScfSi2hII9CWbwzgQw=="
      },
      "AppGates.Net.Build.LocalVersioning": {
        "type": "Direct",
        "requested": "[*, )",
        "resolved": "1.2.6",
        "contentHash": "8WGldxevRpXHXzZBByj9Jo1kQCqv6TehLpCfLPZEGp4EYB5q6hR9TgSVqj4T1f/ro/mruo0PbDDFIcle4QMnBw=="
      },
      "AppGates.Net.Build.NoBinaryPackage": {
        "type": "Direct",
        "requested": "[*, )",
        "resolved": "1.2.16",
        "contentHash": "UcOdWUpkdz+/zWvrpHmYcXuCCOZVMalf/yA1UvL15rXUJirVIXcaVTQ2KZoIrGqRQy2vLc4/HQe6xYI4lWqcLg=="
      },
      "AppGates.Net.Build.Packaging.AutoPush": {
        "type": "Direct",
        "requested": "[*, )",
        "resolved": "1.2.16",
        "contentHash": "HF2wDOL3iQQA4gtaTkL4zR/WxFFfVKWQERBTgDDll3C/qDDJehFdj4qv5p5XauwMzuPjY6Fsh9Yx2V8MjV8u6A=="
      },
      "AppGates.Net.Build.TargetPackage": {
        "type": "Direct",
        "requested": "[*, )",
        "resolved": "1.2.16",
        "contentHash": "LMclUtOY/qaz/vK2/HPCoYfP0ySHV/ImmU4eaKt5vDVIEjYTtw7oJmp8JkpZgnkGv7aipkuhdJUeJvkCHyPjGw=="
      },
      "AppGates.Net.Build.TransitivePack": {
        "type": "Direct",
        "requested": "[*, )",
        "resolved": "1.2.6",
        "contentHash": "9MKSIxnebvDWUiy0uRjjsi3ydAg8V0QXa3v+eneEqeHM7sQ45qgoW68Sg2s6IjS+4N6HlZGhj7xWnUQ0rrc3/Q=="
      },
      "Microsoft.CodeAnalysis.PublicApiAnalyzers": {
        "type": "Direct",
        "requested": "[*, )",
        "resolved": "3.3.2",
        "contentHash": "jlQnHJZX+Y3WygwqKNRTp/BtnSb/o+a2FFn/Ot7jeSCC5ZtrHtOi04gw5o3WSEU3OpVzrKjZVQRUwKFJncxKyA=="
      },
      "Microsoft.NETFramework.ReferenceAssemblies": {
        "type": "Direct",
        "requested": "[1.0.0, )",
        "resolved": "1.0.0",
        "contentHash": "7D2TMufjGiowmt0E941kVoTIS+GTNzaPopuzM1/1LSaJAdJdBrVP0SkZW7AgDd0a2U1DjsIeaKG1wxGVBNLDMw==",
        "dependencies": {
          "Microsoft.NETFramework.ReferenceAssemblies.net48": "1.0.0"
        }
      },
      "Nerdbank.GitVersioning": {
        "type": "Direct",
        "requested": "[*, )",
        "resolved": "3.3.37",
        "contentHash": "YlDKV/gSHQGDThWSGqVyPfKeNP/kx1fj/NPFFgGc/cxzgIbXv4jtYOcbFOz3ZIeAKtpCcSAmVNDOikBs3OxI/A=="
      },
      "AppGates.Build.Versioning.Test.ExternalLibrary": {
        "type": "Transitive",
        "resolved": "1.2.18.1609115363",
        "contentHash": "/xHu/Y82WBzUFOuW09MkveYDeuf1jp0CNWNgnNoUU56CGQWIM2RW0UUGSCQYUJ4BQvIxAIWJiz56hjf1Fmn10Q==",
        "dependencies": {
          "AppGates.Build.Versioning.Test.TransitiveLibrary": "1.2.18.1609115363"
        }
      },
      "AppGates.Build.Versioning.Test.TransitiveLibrary": {
        "type": "Transitive",
        "resolved": "1.2.18.1609115363",
        "contentHash": "uCRT9v5k2BDFSc8bE/qF3uj1ejrRk4n8sL8/qUNC9eOzptBmfry15Wfngr3UdjSP6BmuH7FBj2a+qR9Z+EytYA=="
      },
      "Microsoft.NETFramework.ReferenceAssemblies.net48": {
        "type": "Transitive",
        "resolved": "1.0.0",
        "contentHash": "k2VyV/lct0PT9dS3Il90tBpoM2V/4dJuP5iXe1ckLbBp5FZP1XUsNbRtkuSuzcuqHm1j0OVRPdV980S4bJRe0A=="
      },
      "appgates.build.versioning.test.internal.multitarget": {
        "type": "Project",
        "dependencies": {
          "AppGates.Build.Versioning.Test.ExternalLibrary": "0.0.0",
          "AppGates.Build.Versioning.Test.InternalLibrary": "1.0.0"
        }
      },
      "appgates.build.versioning.test.internallibrary": {
        "type": "Project",
        "dependencies": {
          "AppGates.Build.Versioning.Test.TransitiveProjectLibrary": "1.0.0"
        }
      },
      "appgates.build.versioning.test.multitargetlibrary": {
        "type": "Project",
        "dependencies": {
          "AppGates.Build.Versioning.Test.ExternalLibrary": "0.0.0",
          "AppGates.Build.Versioning.Test.Internal.MultiTarget": "1.0.0",
          "AppGates.Build.Versioning.Test.InternalLibrary": "1.0.0"
        }
      },
      "appgates.build.versioning.test.transitiveprojectlibrary": {
        "type": "Project"
      }
    }
  }
}