{
  "version": 1,
  "dependencies": {
    ".NETFramework,Version=v4.8": {
      "AppGates.Build.ApiManagement.Sdk": {
        "type": "Direct",
        "requested": "[*, )",
        "resolved": "1.2.0.1609103573",
        "contentHash": "QooqjO0hvQVJBWZuTILfq31WfzrZhKxF64XE8mQzQqAsljTQ75J3dKpA6sbXWRlyAKNnJLvOZd63ZSDlYo+0oA=="
      },
      "AppGates.Net.Build.Deterministic": {
        "type": "Direct",
        "requested": "[*, )",
        "resolved": "1.2.0.1609083236",
        "contentHash": "igrMXwxQhGaja8KuULT+sobBCeAUJSQGHZYxR1d2Szr3OPBc+3TvkN7L5OypTHvmMUjizrsVNYPLcCNLWZoYEA=="
      },
      "AppGates.Net.Build.Hooks": {
        "type": "Direct",
        "requested": "[*, )",
        "resolved": "1.2.0.1609083237",
        "contentHash": "8I10p5LK5Ty23TdJ3WGOY0BRX6PgPLR/C+RKSBX0906AGCUPZ//6dg04r4AMOUGbfsu23JKNQrtsHivJYFHqKQ=="
      },
      "AppGates.Net.Build.LocalVersioning": {
        "type": "Direct",
        "requested": "[*, )",
        "resolved": "1.2.0.1609083236",
        "contentHash": "MAFkhkg9migrE9RBmfAAEAXQIEl+xDFc4kajiQ0DwMq1tQHixQaBfYzBPOQOkf2Ore7MTcLiEHKOrtZSuL5Cyw=="
      },
      "AppGates.Net.Build.NoBinaryPackage": {
        "type": "Direct",
        "requested": "[*, )",
        "resolved": "1.2.0.1609083238",
        "contentHash": "F6UuY2IQ8fzoJQ3qwYDI2WHEKLTrkkaMKdC+uW1ANxb4lOaWqxBXOf3ISvC4FrCajr3X1AlicPH902mlH6lnXA=="
      },
      "AppGates.Net.Build.Packaging.AutoPush": {
        "type": "Direct",
        "requested": "[*, )",
        "resolved": "1.2.2.1609103710",
        "contentHash": "OmH0Wq4j6KgCe10XGaU+1t3OZMK19w/gvHJIh897VEsyGUnIDuB/kzUPIBAcJzbvklKQrkMFTVPQbcvIgHkCKA=="
      },
      "AppGates.Net.Build.TargetPackage": {
        "type": "Direct",
        "requested": "[*, )",
        "resolved": "1.2.0.1609083238",
        "contentHash": "/0kpGw0Wj2pTBzsfp5uRzP4YUuFNQExWwsND6X1NHjngVDBY/dq11pMQDBEQw0oeOaI8Ceq7yBFpuKHN006kFw=="
      },
      "AppGates.Net.Build.TransitivePack": {
        "type": "Direct",
        "requested": "[*, )",
        "resolved": "1.2.0.1609083235",
        "contentHash": "L5PMO7DN16KR0JDQUIsWkzB6qjx0WWBBFOOpdL4uh0XCTJxpZOmVWoHg2shvAOM7kYeK+uDcOwMnOi0eU9HepA=="
      },
      "Microsoft.CodeAnalysis.PublicApiAnalyzers": {
        "type": "Direct",
        "requested": "[*, )",
        "resolved": "3.3.2",
        "contentHash": "jlQnHJZX+Y3WygwqKNRTp/BtnSb/o+a2FFn/Ot7jeSCC5ZtrHtOi04gw5o3WSEU3OpVzrKjZVQRUwKFJncxKyA=="
      },
      "Microsoft.NETFramework.ReferenceAssemblies": {
        "type": "Direct",
        "requested": "[1.0.0, )",
        "resolved": "1.0.0",
        "contentHash": "7D2TMufjGiowmt0E941kVoTIS+GTNzaPopuzM1/1LSaJAdJdBrVP0SkZW7AgDd0a2U1DjsIeaKG1wxGVBNLDMw==",
        "dependencies": {
          "Microsoft.NETFramework.ReferenceAssemblies.net48": "1.0.0"
        }
      },
      "Nerdbank.GitVersioning": {
        "type": "Direct",
        "requested": "[*, )",
        "resolved": "3.3.37",
        "contentHash": "YlDKV/gSHQGDThWSGqVyPfKeNP/kx1fj/NPFFgGc/cxzgIbXv4jtYOcbFOz3ZIeAKtpCcSAmVNDOikBs3OxI/A=="
      },
      "AppGates.Build.Versioning.Test.ExternalLibrary": {
        "type": "Transitive",
        "resolved": "1.2.2.1609108341",
        "contentHash": "Gb+3Iia1YxWXb/kw5577gmAxyLDuLPRoc0bqfMLJvCqFE4dDyC3+6eBDb5sQQ1SMtD9SCh9hM7ISaWlEE8qPOA==",
        "dependencies": {
          "AppGates.Build.Versioning.Test.TransitiveLibrary": "1.2.2.1609108345"
        }
      },
      "AppGates.Build.Versioning.Test.TransitiveLibrary": {
        "type": "Transitive",
        "resolved": "1.2.2.1609108345",
        "contentHash": "pxQnVGxp5NirhGpJMN6AamiMXIarbznBvxlxss2oYSa5aa7Q39p/TkazioYRFaK97wAjP3dnQJ7cWWdRcbRHvg=="
      },
      "Microsoft.NETFramework.ReferenceAssemblies.net48": {
        "type": "Transitive",
        "resolved": "1.0.0",
        "contentHash": "k2VyV/lct0PT9dS3Il90tBpoM2V/4dJuP5iXe1ckLbBp5FZP1XUsNbRtkuSuzcuqHm1j0OVRPdV980S4bJRe0A=="
      },
      "appgates.build.versioning.test.internal.multitarget": {
        "type": "Project",
        "dependencies": {
          "AppGates.Build.Versioning.Test.ExternalLibrary": "0.0.0",
          "AppGates.Build.Versioning.Test.InternalLibrary": "1.0.0"
        }
      },
      "appgates.build.versioning.test.internallibrary": {
        "type": "Project",
        "dependencies": {
          "AppGates.Build.Versioning.Test.TransitiveProjectLibrary": "1.0.0"
        }
      },
      "appgates.build.versioning.test.multitargetlibrary": {
        "type": "Project",
        "dependencies": {
          "AppGates.Build.Versioning.Test.ExternalLibrary": "0.0.0",
          "AppGates.Build.Versioning.Test.Internal.MultiTarget": "1.0.0",
          "AppGates.Build.Versioning.Test.InternalLibrary": "1.0.0"
        }
      },
      "appgates.build.versioning.test.transitiveprojectlibrary": {
        "type": "Project"
      }
    }
  }
}