{
  "version": 1,
  "dependencies": {
    ".NETFramework,Version=v4.8": {
      "AppGates.Build.ApiManagement.Sdk": {
        "type": "Direct",
        "requested": "[*, )",
        "resolved": "1.2.23.1617656246",
        "contentHash": "Wa0biGAC1c+N7GvRwBj5VIgGh7YPbp84DIuaxFevzDMaF5ACL4JPhOC1veGXqEfbEACz6YeF5pQtCc12WJhp4w=="
      },
      "AppGates.Net.Build.Deterministic": {
        "type": "Direct",
        "requested": "[*, )",
        "resolved": "1.2.7.1617656249",
        "contentHash": "wVnnT7OMANgyOfbWv1hVymRPi0zPAhKnW0gd3fOJw3l3kIKXeaHDeLuN2Js+UCzoaFq6vFvqN8oC4H4Y5YceHw=="
      },
      "AppGates.Net.Build.Hooks": {
        "type": "Direct",
        "requested": "[*, )",
        "resolved": "1.2.17.1617656249",
        "contentHash": "ULT6AdwTKBVkXbq67rqduDEEOgi6mKR4kCL7yDgWzSJG612RhC/U8DGwL8drOMpwNieOkm6TFUHCJwm6i/6iZw=="
      },
      "AppGates.Net.Build.LocalVersioning": {
        "type": "Direct",
        "requested": "[*, )",
        "resolved": "1.2.8.1617656248",
        "contentHash": "iiTq5bbyGCOxMrFqnFMYZRPF37uGJ2P5S9BkSs6dKGGXtkZXDNGe0U7DQGFUgEhnDZK/Hil9HwJhK0na4/QBhg=="
      },
      "AppGates.Net.Build.NoBinaryPackage": {
        "type": "Direct",
        "requested": "[*, )",
        "resolved": "1.2.19.1617656250",
        "contentHash": "Zku0oCKGXRTLsYaPXkZb4nvNLIfmmMrVRgyNpHbgSI2ERucwd6RB5NBeuYDnyE2ZNpHBCPU/lz9fXrGWIs0cLg=="
      },
      "AppGates.Net.Build.Packaging.AutoPush": {
        "type": "Direct",
        "requested": "[*, )",
        "resolved": "1.2.24.1617656252",
        "contentHash": "s1mGy+k8Y2aYEwCBiLvbgiL7FPZa9I5UrByxr9PBKtGA8nThycqBEhMIwdh06iCUfwyBfn1JHEodnWenJM3lNw=="
      },
      "AppGates.Net.Build.TargetPackage": {
        "type": "Direct",
        "requested": "[*, )",
        "resolved": "1.2.17.1617656250",
        "contentHash": "Ma3z45q9Mu646qm6JoYss3/Af1j+E6B6Ejepum7V9GhG/QQMwSME7cK+XlY5fArh8B1CHxMsIIcmC2Bg3j1CVw=="
      },
      "AppGates.Net.Build.TransitivePack": {
        "type": "Direct",
        "requested": "[*, )",
        "resolved": "1.2.8.1617656246",
        "contentHash": "kEv4LuhIxaXs6iT7B3AI977OteOalFnmtUvCQ0H6ptoEnPCBzI/xVu9c3FhLC3iFlfCk6ftKXHYGHAKcEFtoEg=="
      },
      "Microsoft.CodeAnalysis.PublicApiAnalyzers": {
        "type": "Direct",
        "requested": "[*, )",
        "resolved": "3.3.2",
        "contentHash": "jlQnHJZX+Y3WygwqKNRTp/BtnSb/o+a2FFn/Ot7jeSCC5ZtrHtOi04gw5o3WSEU3OpVzrKjZVQRUwKFJncxKyA=="
      },
      "Microsoft.NETFramework.ReferenceAssemblies": {
        "type": "Direct",
        "requested": "[1.0.0, )",
        "resolved": "1.0.0",
        "contentHash": "7D2TMufjGiowmt0E941kVoTIS+GTNzaPopuzM1/1LSaJAdJdBrVP0SkZW7AgDd0a2U1DjsIeaKG1wxGVBNLDMw==",
        "dependencies": {
          "Microsoft.NETFramework.ReferenceAssemblies.net48": "1.0.0"
        }
      },
      "Nerdbank.GitVersioning": {
        "type": "Direct",
        "requested": "[*, )",
        "resolved": "3.3.37",
        "contentHash": "YlDKV/gSHQGDThWSGqVyPfKeNP/kx1fj/NPFFgGc/cxzgIbXv4jtYOcbFOz3ZIeAKtpCcSAmVNDOikBs3OxI/A=="
      },
      "AppGates.Build.Versioning.Test.ExternalLibrary": {
        "type": "Transitive",
        "resolved": "1.2.46.1617657245",
        "contentHash": "vWg3ctyoAsMYHd3SPp5tj/i0CUetppnVM4iH3NNMtFbAPuU225FRn6y7XahIdawYJIXh1D06jwdFYrTxIaNmkQ==",
        "dependencies": {
          "AppGates.Build.Versioning.Test.TransitiveLibrary": "1.2.46.1617657244"
        }
      },
      "AppGates.Build.Versioning.Test.TransitiveLibrary": {
        "type": "Transitive",
        "resolved": "1.2.46.1617657244",
        "contentHash": "EF3i5RzXzpV/CDe/6iOoVW1c2DpgyzVXaNZCzY76+gZd/3y10jgZTFTe1ddlTjnmnCSqPBkg1k/P60eI5JOtng=="
      },
      "Microsoft.NETFramework.ReferenceAssemblies.net48": {
        "type": "Transitive",
        "resolved": "1.0.0",
        "contentHash": "k2VyV/lct0PT9dS3Il90tBpoM2V/4dJuP5iXe1ckLbBp5FZP1XUsNbRtkuSuzcuqHm1j0OVRPdV980S4bJRe0A=="
      },
      "appgates.build.versioning.test.internal.multitarget": {
        "type": "Project",
        "dependencies": {
          "AppGates.Build.Versioning.Test.ExternalLibrary": "0.0.0",
          "AppGates.Build.Versioning.Test.InternalLibrary": "1.0.0"
        }
      },
      "appgates.build.versioning.test.internallibrary": {
        "type": "Project",
        "dependencies": {
          "AppGates.Build.Versioning.Test.TransitiveProjectLibrary": "1.0.0"
        }
      },
      "appgates.build.versioning.test.multitargetlibrary": {
        "type": "Project",
        "dependencies": {
          "AppGates.Build.Versioning.Test.ExternalLibrary": "0.0.0",
          "AppGates.Build.Versioning.Test.Internal.MultiTarget": "1.0.0",
          "AppGates.Build.Versioning.Test.InternalLibrary": "1.0.0"
        }
      },
      "appgates.build.versioning.test.transitiveprojectlibrary": {
        "type": "Project"
      }
    }
  }
}